<?xml version="1.0" encoding="utf-8"?>
<Project ToolsVersion="4.0" xmlns="http://schemas.microsoft.com/developer/msbuild/2003">
  <ItemGroup>
    <Filter Include="gmp_core">
      <UniqueIdentifier>{66b23867-6b12-4c1f-b81b-08b7c793c2a6}</UniqueIdentifier>
    </Filter>
    <Filter Include="gmp_windows_simulate">
      <UniqueIdentifier>{2b9dba08-faee-4513-89db-7dab8747b072}</UniqueIdentifier>
    </Filter>
    <Filter Include="user/lab">
      <UniqueIdentifier>{02b6bad2-bcb6-44a4-b813-92af713d3b60}</UniqueIdentifier>
    </Filter>
    <Filter Include="gmp_core\dev">
      <UniqueIdentifier>{bc84f45b-2921-4964-8a48-876ff5051478}</UniqueIdentifier>
    </Filter>
    <Filter Include="gmp_core\mm">
      <UniqueIdentifier>{5d6c4cd0-6f1e-4bf3-9514-417c0b20920e}</UniqueIdentifier>
    </Filter>
    <Filter Include="gmp_core\sch">
      <UniqueIdentifier>{e538bb55-2387-4530-9459-6af9c0a8df22}</UniqueIdentifier>
    </Filter>
    <Filter Include="gmp_core\std">
      <UniqueIdentifier>{e2db931b-7bb8-4598-9607-b61e5f4957e1}</UniqueIdentifier>
    </Filter>
    <Filter Include="gmp_core\util">
      <UniqueIdentifier>{84762def-7638-4430-9b10-91511b07614c}</UniqueIdentifier>
    </Filter>
    <Filter Include="gmp_core\wf">
      <UniqueIdentifier>{f9352bcc-5798-4ef3-9de5-6119809d5749}</UniqueIdentifier>
    </Filter>
  </ItemGroup>
  <ItemGroup>
    <ClInclude Include="..\..\..\..\core\gmp_core.hpp">
      <Filter>gmp_core</Filter>
    </ClInclude>
    <ClInclude Include="..\..\..\..\core\gmp_core.h">
      <Filter>gmp_core</Filter>
    </ClInclude>
    <ClInclude Include="..\..\..\..\core\dev\device_prototype.hpp">
      <Filter>gmp_core\dev</Filter>
    </ClInclude>
    <ClInclude Include="..\..\..\..\core\dev\io_concept.hpp">
      <Filter>gmp_core\dev</Filter>
    </ClInclude>
    <ClInclude Include="..\..\..\..\core\dev\peripheral_driver.hpp">
      <Filter>gmp_core\dev</Filter>
    </ClInclude>
    <ClInclude Include="..\..\..\..\core\mm\block_mem.h">
      <Filter>gmp_core\mm</Filter>
    </ClInclude>
    <ClInclude Include="..\..\..\..\core\sch\sch.hpp">
      <Filter>gmp_core\sch</Filter>
    </ClInclude>
    <ClInclude Include="..\..\..\..\core\std\compiler_sup.h">
      <Filter>gmp_core\std</Filter>
    </ClInclude>
    <ClInclude Include="..\..\..\..\core\std\default_types.h">
      <Filter>gmp_core\std</Filter>
    </ClInclude>
    <ClInclude Include="..\..\..\..\core\std\error_code.h">
      <Filter>gmp_core\std</Filter>
    </ClInclude>
    <ClInclude Include="..\..\..\..\core\std\gmp_cport.h">
      <Filter>gmp_core\std</Filter>
    </ClInclude>
    <ClInclude Include="..\..\..\..\core\std\gmp_cpp_port.hpp">
      <Filter>gmp_core\std</Filter>
    </ClInclude>
    <ClInclude Include="..\..\..\..\core\util\ds\data_ring_buffer.h">
      <Filter>gmp_core\util</Filter>
    </ClInclude>
    <ClInclude Include="..\..\..\..\core\util\ds\list.h">
      <Filter>gmp_core\util</Filter>
    </ClInclude>
    <ClInclude Include="..\..\..\..\core\workflow\workflow.hpp">
      <Filter>gmp_core\wf</Filter>
    </ClInclude>
    <ClInclude Include="..\..\..\..\core\workflow\workflow_scheduler.hpp">
      <Filter>gmp_core\wf</Filter>
    </ClInclude>
    <ClInclude Include="..\..\win_include.h">
      <Filter>gmp_windows_simulate</Filter>
    </ClInclude>
    <ClInclude Include="..\..\..\..\user\peripheral_mapping.hpp">
      <Filter>user/lab</Filter>
    </ClInclude>
    <ClInclude Include="..\..\..\..\.config.h">
      <Filter>user/lab</Filter>
    </ClInclude>
    <ClInclude Include="..\..\win_include.hpp">
      <Filter>gmp_windows_simulate</Filter>
    </ClInclude>
  </ItemGroup>
  <ItemGroup>
    <ClCompile Include="..\..\..\..\core\mm\block_mem.c">
      <Filter>gmp_core\mm</Filter>
    </ClCompile>
    <ClCompile Include="..\..\..\..\core\std\error_code.c">
      <Filter>gmp_core\std</Filter>
    </ClCompile>
    <ClCompile Include="..\..\..\..\core\std\gmp_main.cpp">
      <Filter>gmp_core\std</Filter>
    </ClCompile>
    <ClCompile Include="..\..\..\..\core\util\ds\data_ring_buffer.c">
      <Filter>gmp_core\util</Filter>
    </ClCompile>
    <ClCompile Include="..\..\..\..\core\util\ds\list.c">
      <Filter>gmp_core\util</Filter>
    </ClCompile>
    <ClCompile Include="..\..\..\..\core\workflow\workflow.cpp">
      <Filter>gmp_core\wf</Filter>
    </ClCompile>
    <ClCompile Include="..\..\windows_simulate.cpp">
      <Filter>gmp_windows_simulate</Filter>
    </ClCompile>
    <ClCompile Include="..\..\..\..\user\peripheral_mapping.cpp">
      <Filter>user/lab</Filter>
    </ClCompile>
    <ClCompile Include="..\..\..\..\user\user_main.cpp">
      <Filter>user/lab</Filter>
    </ClCompile>
    <ClCompile Include="..\..\..\..\core\lab\lab.cpp">
      <Filter>user/lab</Filter>
    </ClCompile>
  </ItemGroup>
  <ItemGroup>
    <None Include="..\..\..\..\core\util\ds\readme.md">
      <Filter>gmp_core\util</Filter>
    </None>
  </ItemGroup>
</Project>