<?xml version="1.0" encoding="utf-8"?>
<Project ToolsVersion="4.0" xmlns="http://schemas.microsoft.com/developer/msbuild/2003">
  <ItemGroup>
    <Filter Include="源文件">
      <UniqueIdentifier>{4FC737F1-C7A5-4376-A066-2A32D752A2FF}</UniqueIdentifier>
      <Extensions>cpp;c;cc;cxx;c++;cppm;ixx;def;odl;idl;hpj;bat;asm;asmx</Extensions>
    </Filter>
    <Filter Include="头文件">
      <UniqueIdentifier>{93995380-89BD-4b04-88EB-625FBE52EBFB}</UniqueIdentifier>
      <Extensions>h;hh;hpp;hxx;h++;hm;inl;inc;ipp;xsd</Extensions>
    </Filter>
    <Filter Include="资源文件">
      <UniqueIdentifier>{67DA6AB6-F800-4c08-8B7A-83BB121AAD01}</UniqueIdentifier>
      <Extensions>rc;ico;cur;bmp;dlg;rc2;rct;bin;rgs;gif;jpg;jpeg;jpe;resx;tiff;tif;png;wav;mfcribbon-ms</Extensions>
    </Filter>
    <Filter Include="GMP Source Files">
      <UniqueIdentifier>{732746c9-da01-4ee0-bcff-4e11081b3b84}</UniqueIdentifier>
    </Filter>
  </ItemGroup>
  <ItemGroup>
    <ClCompile Include="motor_control_simulink.cpp">
      <Filter>源文件</Filter>
    </ClCompile>
    <ClCompile Include="gmp_src\combo_boost.c">
      <Filter>GMP Source Files</Filter>
    </ClCompile>
    <ClCompile Include="gmp_src\combo_buck.c">
      <Filter>GMP Source Files</Filter>
    </ClCompile>
    <ClCompile Include="gmp_src\combo_llc.c">
      <Filter>GMP Source Files</Filter>
    </ClCompile>
    <ClCompile Include="gmp_src\combo_pfc.c">
      <Filter>GMP Source Files</Filter>
    </ClCompile>
    <ClCompile Include="gmp_src\ctl_component_advance.c">
      <Filter>GMP Source Files</Filter>
    </ClCompile>
    <ClCompile Include="gmp_src\ctl_component_combo.c">
      <Filter>GMP Source Files</Filter>
    </ClCompile>
    <ClCompile Include="gmp_src\ctl_component_discrete.c">
      <Filter>GMP Source Files</Filter>
    </ClCompile>
    <ClCompile Include="gmp_src\ctl_component_interface.c">
      <Filter>GMP Source Files</Filter>
    </ClCompile>
    <ClCompile Include="gmp_src\ctl_component_protection.c">
      <Filter>GMP Source Files</Filter>
    </ClCompile>
    <ClCompile Include="gmp_src\ctl_mc_basic.c">
      <Filter>GMP Source Files</Filter>
    </ClCompile>
    <ClCompile Include="gmp_src\ctl_mc_consultant.c">
      <Filter>GMP Source Files</Filter>
    </ClCompile>
    <ClCompile Include="gmp_src\ctl_mc_current_loop.c">
      <Filter>GMP Source Files</Filter>
    </ClCompile>
    <ClCompile Include="gmp_src\ctl_mc_motion.c">
      <Filter>GMP Source Files</Filter>
    </ClCompile>
    <ClCompile Include="gmp_src\ctl_mc_observer.c">
      <Filter>GMP Source Files</Filter>
    </ClCompile>
    <ClCompile Include="gmp_src\ctl_nano.c">
      <Filter>GMP Source Files</Filter>
    </ClCompile>
    <ClCompile Include="gmp_src\gmp_dev_util.c">
      <Filter>GMP Source Files</Filter>
    </ClCompile>
    <ClCompile Include="gmp_src\gmp_ds_list.c">
      <Filter>GMP Source Files</Filter>
    </ClCompile>
    <ClCompile Include="gmp_src\gmp_mm_block_memory.c">
      <Filter>GMP Source Files</Filter>
    </ClCompile>
    <ClCompile Include="gmp_src\gmp_std_error_code.c">
      <Filter>GMP Source Files</Filter>
    </ClCompile>
    <ClCompile Include="gmp_src\gmp_std_port.c">
      <Filter>GMP Source Files</Filter>
    </ClCompile>
    <ClCompile Include="gmp_src\windows_simulink_main.cpp">
      <Filter>GMP Source Files</Filter>
    </ClCompile>
    <ClCompile Include="..\..\implement\user_common\ctl_main.c">
      <Filter>源文件</Filter>
    </ClCompile>
    <ClCompile Include="..\..\implement\user_common\user_main.c">
      <Filter>源文件</Filter>
    </ClCompile>
    <ClCompile Include="..\..\implement\user_simulink\peripheral.c">
      <Filter>源文件</Filter>
    </ClCompile>
    <ClCompile Include="..\..\src\pmsm_servo.c">
      <Filter>GMP Source Files</Filter>
    </ClCompile>
  </ItemGroup>
  <ItemGroup>
    <ClInclude Include="..\..\implement\user_simulink\pc_simulate_buffer.h">
      <Filter>头文件</Filter>
    </ClInclude>
    <ClInclude Include="..\..\implement\user_simulink\ctl_interface.h">
      <Filter>头文件</Filter>
    </ClInclude>
    <ClInclude Include="..\..\implement\user_common\ctl_main.h">
      <Filter>头文件</Filter>
    </ClInclude>
    <ClInclude Include="..\..\implement\user_simulink\user.config.h">
      <Filter>头文件</Filter>
    </ClInclude>
    <ClInclude Include="..\..\implement\user_common\user_main.h">
      <Filter>头文件</Filter>
    </ClInclude>
  </ItemGroup>
</Project>