<?xml version="1.0" encoding="utf-8"?>
<Project ToolsVersion="4.0" xmlns="http://schemas.microsoft.com/developer/msbuild/2003">
  <ItemGroup>
    <Filter Include="源文件">
      <UniqueIdentifier>{4FC737F1-C7A5-4376-A066-2A32D752A2FF}</UniqueIdentifier>
      <Extensions>cpp;c;cc;cxx;c++;cppm;ixx;def;odl;idl;hpj;bat;asm;asmx</Extensions>
    </Filter>
    <Filter Include="头文件">
      <UniqueIdentifier>{93995380-89BD-4b04-88EB-625FBE52EBFB}</UniqueIdentifier>
      <Extensions>h;hh;hpp;hxx;h++;hm;inl;inc;ipp;xsd</Extensions>
    </Filter>
    <Filter Include="资源文件">
      <UniqueIdentifier>{67DA6AB6-F800-4c08-8B7A-83BB121AAD01}</UniqueIdentifier>
      <Extensions>rc;ico;cur;bmp;dlg;rc2;rct;bin;rgs;gif;jpg;jpeg;jpe;resx;tiff;tif;png;wav;mfcribbon-ms</Extensions>
    </Filter>
    <Filter Include="GMP">
      <UniqueIdentifier>{b407ff38-7232-47ea-ad5a-e3f91100948a}</UniqueIdentifier>
    </Filter>
    <Filter Include="GMP/CSP">
      <UniqueIdentifier>{acec1097-adbe-4f6e-ba57-0c600a2c3e20}</UniqueIdentifier>
    </Filter>
    <Filter Include="GMP/CTL">
      <UniqueIdentifier>{579a9459-6537-4464-89e6-bddb01e97c0e}</UniqueIdentifier>
    </Filter>
    <Filter Include="IQMATH">
      <UniqueIdentifier>{b0afe93e-8e2d-41e4-9f60-360b6cc86897}</UniqueIdentifier>
    </Filter>
  </ItemGroup>
  <ItemGroup>
    <ClCompile Include="pc_simulation_visualstudio.cpp">
      <Filter>源文件</Filter>
    </ClCompile>
    <ClCompile Include="..\..\core\src\gmp_dev_util.c">
      <Filter>GMP</Filter>
    </ClCompile>
    <ClCompile Include="..\..\core\src\gmp_mm_block_memory.c">
      <Filter>GMP</Filter>
    </ClCompile>
    <ClCompile Include="..\..\core\src\gmp_std_error_code.c">
      <Filter>GMP</Filter>
    </ClCompile>
    <ClCompile Include="..\..\core\src\gmp_std_port.c">
      <Filter>GMP</Filter>
    </ClCompile>
    <ClCompile Include="ctl_main.c">
      <Filter>源文件</Filter>
    </ClCompile>
    <ClCompile Include="peripheral_mapping.cpp">
      <Filter>源文件</Filter>
    </ClCompile>
    <ClCompile Include="user_main.cpp">
      <Filter>源文件</Filter>
    </ClCompile>
    <ClCompile Include="..\..\csp\windows_simulink\windows_simulink_main.cpp">
      <Filter>GMP/CSP</Filter>
    </ClCompile>
    <ClCompile Include="..\..\ctl\framework\src\ctl_nano.c">
      <Filter>GMP/CTL</Filter>
    </ClCompile>
    <ClCompile Include="..\..\ctl\component\intrinsic\src\ctl_component_advance.c">
      <Filter>GMP/CTL</Filter>
    </ClCompile>
    <ClCompile Include="..\..\ctl\component\intrinsic\src\ctl_component_combo.c">
      <Filter>GMP/CTL</Filter>
    </ClCompile>
    <ClCompile Include="..\..\ctl\component\intrinsic\src\ctl_component_discrete.c">
      <Filter>GMP/CTL</Filter>
    </ClCompile>
    <ClCompile Include="..\..\ctl\component\intrinsic\src\ctl_component_interface.c">
      <Filter>GMP/CTL</Filter>
    </ClCompile>
    <ClCompile Include="..\..\ctl\component\intrinsic\src\ctl_component_protection.c">
      <Filter>GMP/CTL</Filter>
    </ClCompile>
    <ClCompile Include="..\..\ctl\component\motor_control\src\ctl_mc_basic.c">
      <Filter>GMP/CTL</Filter>
    </ClCompile>
    <ClCompile Include="..\..\ctl\component\motor_control\src\ctl_mc_motion.c">
      <Filter>GMP/CTL</Filter>
    </ClCompile>
    <ClCompile Include="..\..\ctl\suite\motor_control\pmsm_servo\pmsm_servo.c">
      <Filter>GMP/CTL</Filter>
    </ClCompile>
    <ClCompile Include="..\..\third_party\iqmath\src\_atoIQN.c">
      <Filter>IQMATH</Filter>
    </ClCompile>
    <ClCompile Include="..\..\third_party\iqmath\src\_IQNasin_acos.c">
      <Filter>IQMATH</Filter>
    </ClCompile>
    <ClCompile Include="..\..\third_party\iqmath\src\_IQNatan2.c">
      <Filter>IQMATH</Filter>
    </ClCompile>
    <ClCompile Include="..\..\third_party\iqmath\src\_IQNdiv.c">
      <Filter>IQMATH</Filter>
    </ClCompile>
    <ClCompile Include="..\..\third_party\iqmath\src\_IQNexp.c">
      <Filter>IQMATH</Filter>
    </ClCompile>
    <ClCompile Include="..\..\third_party\iqmath\src\_IQNfrac.c">
      <Filter>IQMATH</Filter>
    </ClCompile>
    <ClCompile Include="..\..\third_party\iqmath\src\_IQNlog.c">
      <Filter>IQMATH</Filter>
    </ClCompile>
    <ClCompile Include="..\..\third_party\iqmath\src\_IQNmpy.c">
      <Filter>IQMATH</Filter>
    </ClCompile>
    <ClCompile Include="..\..\third_party\iqmath\src\_IQNmpyIQX.c">
      <Filter>IQMATH</Filter>
    </ClCompile>
    <ClCompile Include="..\..\third_party\iqmath\src\_IQNrepeat.c">
      <Filter>IQMATH</Filter>
    </ClCompile>
    <ClCompile Include="..\..\third_party\iqmath\src\_IQNrmpy.c">
      <Filter>IQMATH</Filter>
    </ClCompile>
    <ClCompile Include="..\..\third_party\iqmath\src\_IQNrsmpy.c">
      <Filter>IQMATH</Filter>
    </ClCompile>
    <ClCompile Include="..\..\third_party\iqmath\src\_IQNsin_cos.c">
      <Filter>IQMATH</Filter>
    </ClCompile>
    <ClCompile Include="..\..\third_party\iqmath\src\_IQNsqrt.c">
      <Filter>IQMATH</Filter>
    </ClCompile>
    <ClCompile Include="..\..\third_party\iqmath\src\_IQNtables.c">
      <Filter>IQMATH</Filter>
    </ClCompile>
    <ClCompile Include="..\..\third_party\iqmath\src\_IQNtoa.c">
      <Filter>IQMATH</Filter>
    </ClCompile>
    <ClCompile Include="..\..\third_party\iqmath\src\_IQNtoF.c">
      <Filter>IQMATH</Filter>
    </ClCompile>
    <ClCompile Include="..\..\third_party\iqmath\src\_IQNversion.c">
      <Filter>IQMATH</Filter>
    </ClCompile>
  </ItemGroup>
  <ItemGroup>
    <ClInclude Include="user.config.h">
      <Filter>源文件</Filter>
    </ClInclude>
    <ClInclude Include="..\..\csp\windows_simulink\csp.config.h">
      <Filter>GMP/CSP</Filter>
    </ClInclude>
    <ClInclude Include="..\..\csp\windows_simulink\csp.general.h">
      <Filter>GMP/CSP</Filter>
    </ClInclude>
    <ClInclude Include="..\..\csp\windows_simulink\csp.general.hpp">
      <Filter>GMP/CSP</Filter>
    </ClInclude>
    <ClInclude Include="..\..\csp\windows_simulink\csp.typedef.h">
      <Filter>GMP/CSP</Filter>
    </ClInclude>
    <ClInclude Include="user_main.hpp">
      <Filter>源文件</Filter>
    </ClInclude>
    <ClInclude Include="..\..\csp\windows_simulink\simulink_buffer.h">
      <Filter>GMP/CSP</Filter>
    </ClInclude>
    <ClInclude Include="pc_simulate_buffer.h">
      <Filter>源文件</Filter>
    </ClInclude>
    <ClInclude Include="..\..\third_party\iqmath\src\_IQNdiv.h">
      <Filter>IQMATH</Filter>
    </ClInclude>
    <ClInclude Include="..\..\third_party\iqmath\src\_IQNmpy.h">
      <Filter>IQMATH</Filter>
    </ClInclude>
    <ClInclude Include="..\..\third_party\iqmath\src\_IQNtables.h">
      <Filter>IQMATH</Filter>
    </ClInclude>
  </ItemGroup>
</Project>