#MicroXplorer Configuration settings - do not modify
ADC1.Channel-0\#ChannelRegularConversion=ADC_CHANNEL_10
ADC1.Channel-1\#ChannelRegularConversion=ADC_CHANNEL_11
ADC1.Channel-2\#ChannelRegularConversion=ADC_CHANNEL_12
ADC1.Channel-3\#ChannelRegularConversion=ADC_CHANNEL_13
ADC1.Channel-4\#ChannelRegularConversion=ADC_CHANNEL_14
ADC1.Channel-5\#ChannelRegularConversion=ADC_CHANNEL_15
ADC1.ContinuousConvMode=ENABLE
ADC1.DMAContinuousRequests=ENABLE
ADC1.EOCSelection=ADC_EOC_SEQ_CONV
ADC1.ExternalTrigConv=ADC_EXTERNALTRIGCONV_T3_TRGO
ADC1.IPParameters=Rank-0\#ChannelRegularConversion,Channel-0\#ChannelRegularConversion,SamplingTime-0\#ChannelRegularConversion,NbrOfConversionFlag,master,ScanConvMode,DMAContinuousRequests,EOCSelection,Rank-1\#ChannelRegularConversion,Channel-1\#ChannelRegularConversion,SamplingTime-1\#ChannelRegularConversion,Rank-2\#ChannelRegularConversion,Channel-2\#ChannelRegularConversion,SamplingTime-2\#ChannelRegularConversion,Rank-3\#ChannelRegularConversion,Channel-3\#ChannelRegularConversion,SamplingTime-3\#ChannelRegularConversion,Rank-4\#ChannelRegularConversion,Channel-4\#ChannelRegularConversion,SamplingTime-4\#ChannelRegularConversion,Rank-5\#ChannelRegularConversion,Channel-5\#ChannelRegularConversion,SamplingTime-5\#ChannelRegularConversion,NbrOfConversion,ContinuousConvMode,ExternalTrigConv
ADC1.NbrOfConversion=6
ADC1.NbrOfConversionFlag=1
ADC1.Rank-0\#ChannelRegularConversion=1
ADC1.Rank-1\#ChannelRegularConversion=2
ADC1.Rank-2\#ChannelRegularConversion=3
ADC1.Rank-3\#ChannelRegularConversion=4
ADC1.Rank-4\#ChannelRegularConversion=5
ADC1.Rank-5\#ChannelRegularConversion=6
ADC1.SamplingTime-0\#ChannelRegularConversion=ADC_SAMPLETIME_3CYCLES
ADC1.SamplingTime-1\#ChannelRegularConversion=ADC_SAMPLETIME_15CYCLES
ADC1.SamplingTime-2\#ChannelRegularConversion=ADC_SAMPLETIME_28CYCLES
ADC1.SamplingTime-3\#ChannelRegularConversion=ADC_SAMPLETIME_56CYCLES
ADC1.SamplingTime-4\#ChannelRegularConversion=ADC_SAMPLETIME_112CYCLES
ADC1.SamplingTime-5\#ChannelRegularConversion=ADC_SAMPLETIME_144CYCLES
ADC1.ScanConvMode=ENABLE
ADC1.master=1
CAD.formats=
CAD.pinconfig=
CAD.provider=
DAC.DAC_OutputBuffer=DAC_OUTPUTBUFFER_DISABLE
DAC.IPParameters=DAC_OutputBuffer
Dma.ADC1.0.Direction=DMA_PERIPH_TO_MEMORY
Dma.ADC1.0.FIFOMode=DMA_FIFOMODE_DISABLE
Dma.ADC1.0.Instance=DMA2_Stream0
Dma.ADC1.0.MemDataAlignment=DMA_MDATAALIGN_WORD
Dma.ADC1.0.MemInc=DMA_MINC_ENABLE
Dma.ADC1.0.Mode=DMA_CIRCULAR
Dma.ADC1.0.PeriphDataAlignment=DMA_PDATAALIGN_WORD
Dma.ADC1.0.PeriphInc=DMA_PINC_DISABLE
Dma.ADC1.0.Priority=DMA_PRIORITY_HIGH
Dma.ADC1.0.RequestParameters=Instance,Direction,PeriphInc,MemInc,PeriphDataAlignment,MemDataAlignment,Mode,Priority,FIFOMode
Dma.Request0=ADC1
Dma.Request1=TIM8_CH4/TRIG/COM
Dma.RequestsNb=2
Dma.TIM8_CH4/TRIG/COM.1.Direction=DMA_PERIPH_TO_MEMORY
Dma.TIM8_CH4/TRIG/COM.1.FIFOMode=DMA_FIFOMODE_DISABLE
Dma.TIM8_CH4/TRIG/COM.1.Instance=DMA2_Stream7
Dma.TIM8_CH4/TRIG/COM.1.MemDataAlignment=DMA_MDATAALIGN_BYTE
Dma.TIM8_CH4/TRIG/COM.1.MemInc=DMA_MINC_ENABLE
Dma.TIM8_CH4/TRIG/COM.1.Mode=DMA_CIRCULAR
Dma.TIM8_CH4/TRIG/COM.1.PeriphDataAlignment=DMA_PDATAALIGN_BYTE
Dma.TIM8_CH4/TRIG/COM.1.PeriphInc=DMA_PINC_DISABLE
Dma.TIM8_CH4/TRIG/COM.1.Priority=DMA_PRIORITY_HIGH
Dma.TIM8_CH4/TRIG/COM.1.RequestParameters=Instance,Direction,PeriphInc,MemInc,PeriphDataAlignment,MemDataAlignment,Mode,Priority,FIFOMode
File.Version=6
GPIO.groupedBy=Group By Peripherals
I2C2.ClockSpeed=200000
I2C2.I2C_Mode=I2C_Fast
I2C2.IPParameters=I2C_Mode,ClockSpeed
KeepUserPlacement=false
Mcu.CPN=STM32F407VET6
Mcu.Family=STM32F4
Mcu.IP0=ADC1
Mcu.IP1=DAC
Mcu.IP10=TIM1
Mcu.IP11=TIM2
Mcu.IP12=TIM3
Mcu.IP13=TIM4
Mcu.IP14=TIM8
Mcu.IP15=USART2
Mcu.IP2=DMA
Mcu.IP3=I2C2
Mcu.IP4=NVIC
Mcu.IP5=RCC
Mcu.IP6=RTC
Mcu.IP7=SPI1
Mcu.IP8=SPI2
Mcu.IP9=SYS
Mcu.IPNb=16
Mcu.Name=STM32F407V(E-G)Tx
Mcu.Package=LQFP100
Mcu.Pin0=PE2
Mcu.Pin1=PE3
Mcu.Pin10=PC0
Mcu.Pin11=PC1
Mcu.Pin12=PC2
Mcu.Pin13=PC3
Mcu.Pin14=PA0-WKUP
Mcu.Pin15=PA2
Mcu.Pin16=PA3
Mcu.Pin17=PA4
Mcu.Pin18=PA5
Mcu.Pin19=PA7
Mcu.Pin2=PE4
Mcu.Pin20=PC4
Mcu.Pin21=PC5
Mcu.Pin22=PB0
Mcu.Pin23=PB1
Mcu.Pin24=PE7
Mcu.Pin25=PE12
Mcu.Pin26=PE13
Mcu.Pin27=PE14
Mcu.Pin28=PB10
Mcu.Pin29=PB11
Mcu.Pin3=PE5
Mcu.Pin30=PB12
Mcu.Pin31=PB13
Mcu.Pin32=PB14
Mcu.Pin33=PB15
Mcu.Pin34=PD12
Mcu.Pin35=PD13
Mcu.Pin36=PD14
Mcu.Pin37=PC9
Mcu.Pin38=PA8
Mcu.Pin39=PA9
Mcu.Pin4=PE6
Mcu.Pin40=PA10
Mcu.Pin41=PA13
Mcu.Pin42=PA14
Mcu.Pin43=PA15
Mcu.Pin44=PC10
Mcu.Pin45=PC12
Mcu.Pin46=PD0
Mcu.Pin47=PD1
Mcu.Pin48=PD2
Mcu.Pin49=PD3
Mcu.Pin5=PC13-ANTI_TAMP
Mcu.Pin50=PD4
Mcu.Pin51=PD5
Mcu.Pin52=PD6
Mcu.Pin53=PD7
Mcu.Pin54=PB3
Mcu.Pin55=PB4
Mcu.Pin56=PB5
Mcu.Pin57=PB7
Mcu.Pin58=PE0
Mcu.Pin59=PE1
Mcu.Pin6=PC14-OSC32_IN
Mcu.Pin60=VP_ADC1_TempSens_Input
Mcu.Pin61=VP_ADC1_Vref_Input
Mcu.Pin62=VP_ADC1_Vbat_Input
Mcu.Pin63=VP_RTC_VS_RTC_Activate
Mcu.Pin64=VP_RTC_VS_RTC_Calendar
Mcu.Pin65=VP_RTC_VS_RTC_Alarm_A_Intern
Mcu.Pin66=VP_SYS_VS_Systick
Mcu.Pin67=VP_TIM1_VS_ClockSourceINT
Mcu.Pin68=VP_TIM1_VS_no_output4
Mcu.Pin69=VP_TIM2_VS_ClockSourceINT
Mcu.Pin7=PC15-OSC32_OUT
Mcu.Pin70=VP_TIM3_VS_ControllerModeTrigger
Mcu.Pin71=VP_TIM3_VS_ClockSourceINT
Mcu.Pin72=VP_TIM3_VS_ClockSourceITR
Mcu.Pin73=VP_TIM8_VS_ClockSourceINT
Mcu.Pin8=PH0-OSC_IN
Mcu.Pin9=PH1-OSC_OUT
Mcu.PinsNb=74
Mcu.ThirdPartyNb=0
Mcu.UserConstants=
Mcu.UserName=STM32F407VETx
MxCube.Version=5.6.1
MxDb.Version=DB.5.0.60
NVIC.ADC_IRQn=true\:0\:0\:false\:false\:true\:true\:true\:true
NVIC.BusFault_IRQn=true\:0\:0\:false\:false\:true\:false\:false\:false
NVIC.DMA2_Stream0_IRQn=true\:0\:0\:false\:false\:true\:false\:true\:true
NVIC.DMA2_Stream7_IRQn=true\:0\:0\:false\:false\:true\:false\:true\:true
NVIC.DebugMonitor_IRQn=true\:0\:0\:false\:false\:true\:false\:false\:false
NVIC.EXTI9_5_IRQn=true\:1\:0\:true\:false\:true\:true\:true\:true
NVIC.ForceEnableDMAVector=true
NVIC.HardFault_IRQn=true\:0\:0\:false\:false\:true\:false\:false\:false
NVIC.MemoryManagement_IRQn=true\:0\:0\:false\:false\:true\:false\:false\:false
NVIC.NonMaskableInt_IRQn=true\:0\:0\:false\:false\:true\:false\:false\:false
NVIC.PendSV_IRQn=true\:0\:0\:false\:false\:true\:false\:false\:false
NVIC.PriorityGroup=NVIC_PRIORITYGROUP_4
NVIC.RTC_Alarm_IRQn=true\:3\:0\:true\:false\:true\:true\:true\:true
NVIC.SVCall_IRQn=true\:0\:0\:false\:false\:true\:false\:false\:false
NVIC.SysTick_IRQn=true\:4\:0\:true\:false\:true\:false\:true\:false
NVIC.TIM1_TRG_COM_TIM11_IRQn=true\:0\:0\:false\:false\:true\:true\:true\:true
NVIC.TIM1_UP_TIM10_IRQn=true\:0\:0\:false\:false\:true\:true\:true\:true
NVIC.TIM3_IRQn=true\:1\:0\:true\:false\:true\:true\:true\:true
NVIC.USART2_IRQn=true\:2\:0\:true\:false\:true\:true\:true\:true
NVIC.UsageFault_IRQn=true\:0\:0\:false\:false\:true\:false\:false\:false
PA0-WKUP.GPIOParameters=GPIO_PuPd,GPIO_Label
PA0-WKUP.GPIO_Label=T2_C1
PA0-WKUP.GPIO_PuPd=GPIO_PULLUP
PA0-WKUP.Signal=S_TIM2_CH1_ETR
PA10.Locked=true
PA10.Signal=S_TIM1_CH3
PA13.Mode=Serial_Wire
PA13.Signal=SYS_JTMS-SWDIO
PA14.Mode=Serial_Wire
PA14.Signal=SYS_JTCK-SWCLK
PA15.GPIOParameters=GPIO_Speed,PinState,GPIO_Label
PA15.GPIO_Label=RF_CSN
PA15.GPIO_Speed=GPIO_SPEED_FREQ_HIGH
PA15.Locked=true
PA15.PinState=GPIO_PIN_SET
PA15.Signal=GPIO_Output
PA2.GPIOParameters=GPIO_Speed,GPIO_Label
PA2.GPIO_Label=TXD
PA2.GPIO_Speed=GPIO_SPEED_FREQ_MEDIUM
PA2.Mode=Asynchronous
PA2.Signal=USART2_TX
PA3.GPIOParameters=GPIO_Speed,GPIO_Label
PA3.GPIO_Label=RXD
PA3.GPIO_Speed=GPIO_SPEED_FREQ_MEDIUM
PA3.Mode=Asynchronous
PA3.Signal=USART2_RX
PA4.GPIOParameters=GPIO_Label
PA4.GPIO_Label=DA1
PA4.Signal=COMP_DAC1_group
PA5.GPIOParameters=GPIO_Label
PA5.GPIO_Label=DA2
PA5.Signal=COMP_DAC2_group
PA7.GPIOParameters=GPIO_Label
PA7.GPIO_Label=T1_C1N
PA7.Locked=true
PA7.Mode=PWM Generation1 CH1 CH1N
PA7.Signal=TIM1_CH1N
PA8.GPIOParameters=GPIO_Label
PA8.GPIO_Label=T1_C1
PA8.Locked=true
PA8.Signal=S_TIM1_CH1
PA9.Locked=true
PA9.Signal=S_TIM1_CH2
PB0.Locked=true
PB0.Mode=PWM Generation2 CH2 CH2N
PB0.Signal=TIM1_CH2N
PB1.Locked=true
PB1.Mode=PWM Generation3 CH3 CH3N
PB1.Signal=TIM1_CH3N
PB10.GPIOParameters=GPIO_Speed,GPIO_Label
PB10.GPIO_Label=I2C_SCL
PB10.GPIO_Speed=GPIO_SPEED_FREQ_MEDIUM
PB10.Mode=I2C
PB10.Signal=I2C2_SCL
PB11.GPIOParameters=GPIO_Speed,GPIO_Label
PB11.GPIO_Label=I2C_SDA
PB11.GPIO_Speed=GPIO_SPEED_FREQ_MEDIUM
PB11.Mode=I2C
PB11.Signal=I2C2_SDA
PB12.GPIOParameters=GPIO_Label
PB12.GPIO_Label=Mz_CS
PB12.Locked=true
PB12.Signal=GPIO_Output
PB13.GPIOParameters=GPIO_Speed,GPIO_Label
PB13.GPIO_Label=Mz_SCK
PB13.GPIO_Speed=GPIO_SPEED_FREQ_MEDIUM
PB13.Locked=true
PB13.Mode=TX_Only_Simplex_Unidirect_Master
PB13.Signal=SPI2_SCK
PB14.GPIOParameters=GPIO_Label
PB14.GPIO_Label=Mz_RST
PB14.Locked=true
PB14.Signal=GPIO_Output
PB15.GPIOParameters=GPIO_Speed,GPIO_Label
PB15.GPIO_Label=Mz_MOSI
PB15.GPIO_Speed=GPIO_SPEED_FREQ_MEDIUM
PB15.Locked=true
PB15.Mode=TX_Only_Simplex_Unidirect_Master
PB15.Signal=SPI2_MOSI
PB3.GPIOParameters=GPIO_Speed,GPIO_Label
PB3.GPIO_Label=RF_SCK
PB3.GPIO_Speed=GPIO_SPEED_FREQ_HIGH
PB3.Mode=Full_Duplex_Master
PB3.Signal=SPI1_SCK
PB4.GPIOParameters=GPIO_Speed,GPIO_Label
PB4.GPIO_Label=RF_MISO
PB4.GPIO_Speed=GPIO_SPEED_FREQ_HIGH
PB4.Locked=true
PB4.Mode=Full_Duplex_Master
PB4.Signal=SPI1_MISO
PB5.GPIOParameters=GPIO_Speed,GPIO_Label
PB5.GPIO_Label=RF_MOSI
PB5.GPIO_Speed=GPIO_SPEED_FREQ_HIGH
PB5.Mode=Full_Duplex_Master
PB5.Signal=SPI1_MOSI
PB7.GPIOParameters=GPIO_PuPd,GPIO_Label,GPIO_ModeDefaultEXTI
PB7.GPIO_Label=VSYNC
PB7.GPIO_ModeDefaultEXTI=GPIO_MODE_IT_FALLING
PB7.GPIO_PuPd=GPIO_PULLDOWN
PB7.Locked=true
PB7.Signal=GPXTI7
PC0.GPIOParameters=GPIO_Label
PC0.GPIO_Label=AD1
PC0.Locked=true
PC0.Signal=ADCx_IN10
PC1.GPIOParameters=GPIO_Label
PC1.GPIO_Label=AD2
PC1.Locked=true
PC1.Signal=ADCx_IN11
PC10.GPIOParameters=GPIO_PuPd,GPIO_Label
PC10.GPIO_Label=RF_IRQ
PC10.GPIO_PuPd=GPIO_PULLUP
PC10.Locked=true
PC10.Signal=GPIO_Input
PC12.GPIOParameters=GPIO_Speed,GPIO_Label
PC12.GPIO_Label=RF_CE
PC12.GPIO_Speed=GPIO_SPEED_FREQ_HIGH
PC12.Locked=true
PC12.Signal=GPIO_Output
PC13-ANTI_TAMP.GPIOParameters=GPIO_Label
PC13-ANTI_TAMP.GPIO_Label=SPEAK
PC13-ANTI_TAMP.Locked=true
PC13-ANTI_TAMP.Signal=GPIO_Output
PC14-OSC32_IN.Mode=LSE-External-Oscillator
PC14-OSC32_IN.Signal=RCC_OSC32_IN
PC15-OSC32_OUT.Mode=LSE-External-Oscillator
PC15-OSC32_OUT.Signal=RCC_OSC32_OUT
PC2.GPIOParameters=GPIO_Label
PC2.GPIO_Label=AD3
PC2.Locked=true
PC2.Signal=ADCx_IN12
PC3.GPIOParameters=GPIO_Label
PC3.GPIO_Label=AD4
PC3.Locked=true
PC3.Signal=ADCx_IN13
PC4.GPIOParameters=GPIO_Label
PC4.GPIO_Label=AD5
PC4.Locked=true
PC4.Signal=ADCx_IN14
PC5.GPIOParameters=GPIO_Label
PC5.GPIO_Label=AD6
PC5.Locked=true
PC5.Signal=ADCx_IN15
PC9.GPIOParameters=GPIO_Speed,GPIO_Label
PC9.GPIO_Label=PCLK
PC9.GPIO_Speed=GPIO_SPEED_FREQ_VERY_HIGH
PC9.Locked=true
PC9.Signal=S_TIM8_CH4
PD0.GPIOParameters=GPIO_PuPd,GPIO_Label
PD0.GPIO_Label=OV_D0
PD0.GPIO_PuPd=GPIO_PULLDOWN
PD0.Locked=true
PD0.Signal=GPIO_Input
PD1.GPIOParameters=GPIO_PuPd,GPIO_Label
PD1.GPIO_Label=OV_D1
PD1.GPIO_PuPd=GPIO_PULLDOWN
PD1.Locked=true
PD1.Signal=GPIO_Input
PD12.GPIOParameters=GPIO_PuPd,GPIO_Label
PD12.GPIO_Label=EC_A
PD12.GPIO_PuPd=GPIO_PULLUP
PD12.Signal=S_TIM4_CH1
PD13.GPIOParameters=GPIO_PuPd,GPIO_Label
PD13.GPIO_Label=EC_B
PD13.GPIO_PuPd=GPIO_PULLUP
PD13.Signal=S_TIM4_CH2
PD14.GPIOParameters=GPIO_PuPd,GPIO_Label
PD14.GPIO_Label=EC_SW
PD14.GPIO_PuPd=GPIO_PULLUP
PD14.Locked=true
PD14.Signal=GPIO_Input
PD2.GPIOParameters=GPIO_PuPd,GPIO_Label
PD2.GPIO_Label=OV_D2
PD2.GPIO_PuPd=GPIO_PULLDOWN
PD2.Locked=true
PD2.Signal=GPIO_Input
PD3.GPIOParameters=GPIO_PuPd,GPIO_Label
PD3.GPIO_Label=OV_D3
PD3.GPIO_PuPd=GPIO_PULLDOWN
PD3.Locked=true
PD3.Signal=GPIO_Input
PD4.GPIOParameters=GPIO_PuPd,GPIO_Label
PD4.GPIO_Label=OV_D4
PD4.GPIO_PuPd=GPIO_PULLDOWN
PD4.Locked=true
PD4.Signal=GPIO_Input
PD5.GPIOParameters=GPIO_PuPd,GPIO_Label
PD5.GPIO_Label=OV_D5
PD5.GPIO_PuPd=GPIO_PULLDOWN
PD5.Locked=true
PD5.Signal=GPIO_Input
PD6.GPIOParameters=GPIO_PuPd,GPIO_Label
PD6.GPIO_Label=OV_D6
PD6.GPIO_PuPd=GPIO_PULLDOWN
PD6.Locked=true
PD6.Signal=GPIO_Input
PD7.GPIOParameters=GPIO_PuPd,GPIO_Label
PD7.GPIO_Label=OV_D7
PD7.GPIO_PuPd=GPIO_PULLDOWN
PD7.Locked=true
PD7.Signal=GPIO_Input
PE0.GPIOParameters=GPIO_PuPd,GPIO_Label
PE0.GPIO_Label=KEY1
PE0.GPIO_PuPd=GPIO_PULLUP
PE0.Locked=true
PE0.Signal=GPIO_Input
PE1.GPIOParameters=GPIO_PuPd,GPIO_Label
PE1.GPIO_Label=KEY2
PE1.GPIO_PuPd=GPIO_PULLUP
PE1.Locked=true
PE1.Signal=GPIO_Input
PE12.GPIOParameters=GPIO_Label
PE12.GPIO_Label=LED_G
PE12.Locked=true
PE12.Signal=GPIO_Output
PE13.GPIOParameters=GPIO_Label
PE13.GPIO_Label=LED_Y
PE13.Locked=true
PE13.Signal=GPIO_Output
PE14.GPIOParameters=GPIO_Label
PE14.GPIO_Label=LED_R
PE14.Locked=true
PE14.Signal=GPIO_Output
PE2.GPIOParameters=GPIO_PuPd,GPIO_Label
PE2.GPIO_Label=KEY3
PE2.GPIO_PuPd=GPIO_PULLUP
PE2.Locked=true
PE2.Signal=GPIO_Input
PE3.GPIOParameters=GPIO_PuPd,GPIO_Label
PE3.GPIO_Label=KEY4
PE3.GPIO_PuPd=GPIO_PULLUP
PE3.Locked=true
PE3.Signal=GPIO_Input
PE4.GPIOParameters=GPIO_PuPd,GPIO_Label
PE4.GPIO_Label=KEY5
PE4.GPIO_PuPd=GPIO_PULLUP
PE4.Locked=true
PE4.Signal=GPIO_Input
PE5.GPIOParameters=GPIO_PuPd,GPIO_Label
PE5.GPIO_Label=KEY6
PE5.GPIO_PuPd=GPIO_PULLUP
PE5.Locked=true
PE5.Signal=GPIO_Input
PE6.GPIOParameters=GPIO_PuPd,GPIO_Label
PE6.GPIO_Label=KEY7
PE6.GPIO_PuPd=GPIO_PULLUP
PE6.Locked=true
PE6.Signal=GPIO_Input
PE7.GPIOParameters=GPIO_PuPd,GPIO_Label
PE7.GPIO_Label=KEY8
PE7.GPIO_PuPd=GPIO_PULLUP
PE7.Locked=true
PE7.Signal=GPIO_Input
PH0-OSC_IN.Mode=HSE-External-Oscillator
PH0-OSC_IN.Signal=RCC_OSC_IN
PH1-OSC_OUT.Mode=HSE-External-Oscillator
PH1-OSC_OUT.Signal=RCC_OSC_OUT
PinOutPanel.RotationAngle=0
ProjectManager.AskForMigrate=true
ProjectManager.BackupPrevious=false
ProjectManager.CompilerOptimize=6
ProjectManager.ComputerToolchain=false
ProjectManager.CoupleFile=false
ProjectManager.CustomerFirmwarePackage=
ProjectManager.DefaultFWLocation=true
ProjectManager.DeletePrevious=true
ProjectManager.DeviceId=STM32F407VETx
ProjectManager.FirmwarePackage=STM32Cube FW_F4 V1.25.0
ProjectManager.FreePins=false
ProjectManager.HalAssertFull=false
ProjectManager.HeapSize=0x200
ProjectManager.KeepUserCode=true
ProjectManager.LastFirmware=true
ProjectManager.LibraryCopy=0
ProjectManager.MainLocation=Src
ProjectManager.NoMain=false
ProjectManager.PreviousToolchain=
ProjectManager.ProjectBuild=false
ProjectManager.ProjectFileName=JinSai6C_PWM_config.ioc
ProjectManager.ProjectName=JinSai6C_PWM_config
ProjectManager.ProjectStructure=
ProjectManager.RegisterCallBack=
ProjectManager.StackSize=0x400
ProjectManager.TargetToolchain=MDK-ARM V5
ProjectManager.ToolChainLocation=
ProjectManager.UAScriptAfterPath=
ProjectManager.UAScriptBeforePath=
ProjectManager.UnderRoot=false
ProjectManager.functionlistsort=1-MX_GPIO_Init-GPIO-false-HAL-true,2-MX_DMA_Init-DMA-false-HAL-true,3-SystemClock_Config-RCC-false-HAL-false,4-MX_RTC_Init-RTC-false-HAL-true,5-MX_SPI2_Init-SPI2-false-HAL-true,6-MX_ADC1_Init-ADC1-false-HAL-true,7-MX_DAC_Init-DAC-false-HAL-true,8-MX_I2C2_Init-I2C2-false-HAL-true,9-MX_USART2_UART_Init-USART2-false-HAL-true,10-MX_TIM1_Init-TIM1-false-HAL-true,11-MX_TIM2_Init-TIM2-false-HAL-true,12-MX_TIM4_Init-TIM4-false-HAL-true,13-MX_SPI1_Init-SPI1-false-HAL-true,14-MX_TIM8_Init-TIM8-false-HAL-true,15-MX_TIM3_Init-TIM3-false-HAL-true
RCC.48MHZClocksFreq_Value=84000000
RCC.AHBFreq_Value=168000000
RCC.APB1CLKDivider=RCC_HCLK_DIV4
RCC.APB1Freq_Value=42000000
RCC.APB1TimFreq_Value=84000000
RCC.APB2CLKDivider=RCC_HCLK_DIV2
RCC.APB2Freq_Value=84000000
RCC.APB2TimFreq_Value=168000000
RCC.CortexFreq_Value=168000000
RCC.EthernetFreq_Value=168000000
RCC.FCLKCortexFreq_Value=168000000
RCC.FamilyName=M
RCC.HCLKFreq_Value=168000000
RCC.HSE_VALUE=8000000
RCC.HSI_VALUE=16000000
RCC.I2SClocksFreq_Value=96000000
RCC.IPParameters=48MHZClocksFreq_Value,AHBFreq_Value,APB1CLKDivider,APB1Freq_Value,APB1TimFreq_Value,APB2CLKDivider,APB2Freq_Value,APB2TimFreq_Value,CortexFreq_Value,EthernetFreq_Value,FCLKCortexFreq_Value,FamilyName,HCLKFreq_Value,HSE_VALUE,HSI_VALUE,I2SClocksFreq_Value,LSI_VALUE,MCO2PinFreq_Value,PLLCLKFreq_Value,PLLM,PLLN,PLLQCLKFreq_Value,PLLSourceVirtual,RCC_RTC_Clock_Source,RCC_RTC_Clock_SourceVirtual,RTCFreq_Value,RTCHSEDivFreq_Value,SYSCLKFreq_VALUE,SYSCLKSource,VCOI2SOutputFreq_Value,VCOInputFreq_Value,VCOOutputFreq_Value,VcooutputI2S
RCC.LSI_VALUE=32000
RCC.MCO2PinFreq_Value=168000000
RCC.PLLCLKFreq_Value=168000000
RCC.PLLM=8
RCC.PLLN=336
RCC.PLLQCLKFreq_Value=84000000
RCC.PLLSourceVirtual=RCC_PLLSOURCE_HSE
RCC.RCC_RTC_Clock_Source=RCC_RTCCLKSOURCE_LSE
RCC.RCC_RTC_Clock_SourceVirtual=RCC_RTCCLKSOURCE_LSE
RCC.RTCFreq_Value=32768
RCC.RTCHSEDivFreq_Value=4000000
RCC.SYSCLKFreq_VALUE=168000000
RCC.SYSCLKSource=RCC_SYSCLKSOURCE_PLLCLK
RCC.VCOI2SOutputFreq_Value=192000000
RCC.VCOInputFreq_Value=1000000
RCC.VCOOutputFreq_Value=336000000
RCC.VcooutputI2S=96000000
RTC.Alarm=RTC_ALARM_A
RTC.AlarmMaskDateWeekDay=RTC_ALARMMASK_DATEWEEKDAY
RTC.AlarmMaskHours=RTC_ALARMMASK_HOURS
RTC.AlarmSubSecondMask=RTC_ALARMSUBSECONDMASK_NONE
RTC.Date=1
RTC.Format=RTC_FORMAT_BIN
RTC.Hours=12
RTC.IPParameters=Alarm,Format,Hours,Minutes,Seconds,WeekDay,Month,Date,Year,Minutes_A,Seconds_A,SubSeconds_A,AlarmMaskDateWeekDay,AlarmMaskHours,AlarmSubSecondMask
RTC.Minutes=59
RTC.Minutes_A=59
RTC.Month=RTC_MONTH_JANUARY
RTC.Seconds=30
RTC.Seconds_A=59
RTC.SubSeconds_A=51
RTC.WeekDay=RTC_WEEKDAY_TUESDAY
RTC.Year=19
SH.ADCx_IN10.0=ADC1_IN10,IN10
SH.ADCx_IN10.ConfNb=1
SH.ADCx_IN11.0=ADC1_IN11,IN11
SH.ADCx_IN11.ConfNb=1
SH.ADCx_IN12.0=ADC1_IN12,IN12
SH.ADCx_IN12.ConfNb=1
SH.ADCx_IN13.0=ADC1_IN13,IN13
SH.ADCx_IN13.ConfNb=1
SH.ADCx_IN14.0=ADC1_IN14,IN14
SH.ADCx_IN14.ConfNb=1
SH.ADCx_IN15.0=ADC1_IN15,IN15
SH.ADCx_IN15.ConfNb=1
SH.COMP_DAC1_group.0=DAC_OUT1,DAC_OUT1
SH.COMP_DAC1_group.ConfNb=1
SH.COMP_DAC2_group.0=DAC_OUT2,DAC_OUT2
SH.COMP_DAC2_group.ConfNb=1
SH.GPXTI7.0=GPIO_EXTI7
SH.GPXTI7.ConfNb=1
SH.S_TIM1_CH1.0=TIM1_CH1,PWM Generation1 CH1 CH1N
SH.S_TIM1_CH1.ConfNb=1
SH.S_TIM1_CH2.0=TIM1_CH2,PWM Generation2 CH2 CH2N
SH.S_TIM1_CH2.ConfNb=1
SH.S_TIM1_CH3.0=TIM1_CH3,PWM Generation3 CH3 CH3N
SH.S_TIM1_CH3.ConfNb=1
SH.S_TIM2_CH1_ETR.0=TIM2_CH1,PWM_Input_1
SH.S_TIM2_CH1_ETR.ConfNb=1
SH.S_TIM4_CH1.0=TIM4_CH1,Encoder_Interface
SH.S_TIM4_CH1.ConfNb=1
SH.S_TIM4_CH2.0=TIM4_CH2,Encoder_Interface
SH.S_TIM4_CH2.ConfNb=1
SH.S_TIM8_CH4.0=TIM8_CH4,Input_Capture4_from_TI4
SH.S_TIM8_CH4.ConfNb=1
SPI1.BaudRatePrescaler=SPI_BAUDRATEPRESCALER_16
SPI1.CalculateBaudRate=5.25 MBits/s
SPI1.Direction=SPI_DIRECTION_2LINES
SPI1.IPParameters=VirtualType,Mode,Direction,CalculateBaudRate,BaudRatePrescaler
SPI1.Mode=SPI_MODE_MASTER
SPI1.VirtualType=VM_MASTER
SPI2.BaudRatePrescaler=SPI_BAUDRATEPRESCALER_32
SPI2.CLKPhase=SPI_PHASE_2EDGE
SPI2.CLKPolarity=SPI_POLARITY_HIGH
SPI2.CalculateBaudRate=1.3125 MBits/s
SPI2.Direction=SPI_DIRECTION_2LINES
SPI2.IPParameters=VirtualType,Mode,Direction,CalculateBaudRate,BaudRatePrescaler,CLKPolarity,CLKPhase
SPI2.Mode=SPI_MODE_MASTER
SPI2.VirtualType=VM_MASTER
TIM1.Channel-Output\ Compare4\ No\ Output=TIM_CHANNEL_4
TIM1.Channel-PWM\ Generation1\ CH1\ CH1N=TIM_CHANNEL_1
TIM1.Channel-PWM\ Generation2\ CH2\ CH2N=TIM_CHANNEL_2
TIM1.Channel-PWM\ Generation3\ CH3\ CH3N=TIM_CHANNEL_3
TIM1.CounterMode=TIM_COUNTERMODE_CENTERALIGNED1
TIM1.DeadTime=150
TIM1.IPParameters=Prescaler,Period,CounterMode,RepetitionCounter,TIM_MasterOutputTrigger,TIM_MasterSlaveMode,Channel-PWM Generation1 CH1 CH1N,Pulse-PWM Generation1 CH1 CH1N,Channel-Output Compare4 No Output,Pulse-Output Compare4 No Output,DeadTime,Channel-PWM Generation2 CH2 CH2N,Channel-PWM Generation3 CH3 CH3N
TIM1.Period=4200-1
TIM1.Prescaler=0
TIM1.Pulse-Output\ Compare4\ No\ Output=1000
TIM1.Pulse-PWM\ Generation1\ CH1\ CH1N=4200
TIM1.RepetitionCounter=1
TIM1.TIM_MasterOutputTrigger=TIM_TRGO_UPDATE
TIM1.TIM_MasterSlaveMode=TIM_MASTERSLAVEMODE_DISABLE
TIM2.IPParameters=Prescaler,Period
TIM2.Period=0xffffffff
TIM2.Prescaler=83
TIM3.CounterMode=TIM_COUNTERMODE_CENTERALIGNED1
TIM3.IPParameters=Prescaler,Period,CounterMode,TIM_MasterOutputTrigger
TIM3.Period=8400-1
TIM3.Prescaler=0
TIM3.TIM_MasterOutputTrigger=TIM_TRGO_UPDATE
TIM4.EncoderMode=TIM_ENCODERMODE_TI12
TIM4.IPParameters=Period,EncoderMode,Prescaler
TIM4.Period=8400-1
TIM4.Prescaler=0
TIM8.Channel-Input_Capture4_from_TI4=TIM_CHANNEL_4
TIM8.IPParameters=Channel-Input_Capture4_from_TI4,Prescaler,Period
TIM8.Period=0xffff
TIM8.Prescaler=167
USART2.BaudRate=19200
USART2.IPParameters=VirtualMode,BaudRate
USART2.VirtualMode=VM_ASYNC
VP_ADC1_TempSens_Input.Mode=IN-TempSens
VP_ADC1_TempSens_Input.Signal=ADC1_TempSens_Input
VP_ADC1_Vbat_Input.Mode=IN-Vbat
VP_ADC1_Vbat_Input.Signal=ADC1_Vbat_Input
VP_ADC1_Vref_Input.Mode=IN-Vrefint
VP_ADC1_Vref_Input.Signal=ADC1_Vref_Input
VP_RTC_VS_RTC_Activate.Mode=RTC_Enabled
VP_RTC_VS_RTC_Activate.Signal=RTC_VS_RTC_Activate
VP_RTC_VS_RTC_Alarm_A_Intern.Mode=Alarm A
VP_RTC_VS_RTC_Alarm_A_Intern.Signal=RTC_VS_RTC_Alarm_A_Intern
VP_RTC_VS_RTC_Calendar.Mode=RTC_Calendar
VP_RTC_VS_RTC_Calendar.Signal=RTC_VS_RTC_Calendar
VP_SYS_VS_Systick.Mode=SysTick
VP_SYS_VS_Systick.Signal=SYS_VS_Systick
VP_TIM1_VS_ClockSourceINT.Mode=Internal
VP_TIM1_VS_ClockSourceINT.Signal=TIM1_VS_ClockSourceINT
VP_TIM1_VS_no_output4.Mode=Output Compare4 No Output
VP_TIM1_VS_no_output4.Signal=TIM1_VS_no_output4
VP_TIM2_VS_ClockSourceINT.Mode=Internal
VP_TIM2_VS_ClockSourceINT.Signal=TIM2_VS_ClockSourceINT
VP_TIM3_VS_ClockSourceINT.Mode=Internal
VP_TIM3_VS_ClockSourceINT.Signal=TIM3_VS_ClockSourceINT
VP_TIM3_VS_ClockSourceITR.Mode=TriggerSource_ITR0
VP_TIM3_VS_ClockSourceITR.Signal=TIM3_VS_ClockSourceITR
VP_TIM3_VS_ControllerModeTrigger.Mode=Trigger Mode
VP_TIM3_VS_ControllerModeTrigger.Signal=TIM3_VS_ControllerModeTrigger
VP_TIM8_VS_ClockSourceINT.Mode=Internal
VP_TIM8_VS_ClockSourceINT.Signal=TIM8_VS_ClockSourceINT
board=custom
